{
  "version": 4,
  "terraform_version": "0.12.6",
  "serial": 9,
  "lineage": "9b5b9d46-2fe2-2c58-9667-c31bd9f3f122",
  "outputs": {},
  "resources": [
    {
      "mode": "managed",
      "type": "aws_instance",
      "name": "jenkins",
      "provider": "provider.aws",
      "instances": [
        {
          "schema_version": 1,
          "attributes": {
            "ami": "ami-0d078af680e7a9b11",
            "arn": "arn:aws:ec2:eu-central-1:596923679360:instance/i-0b4d51712cfbee9c0",
            "associate_public_ip_address": true,
            "availability_zone": "eu-central-1b",
            "cpu_core_count": 2,
            "cpu_threads_per_core": 1,
            "credit_specification": [
              {
                "cpu_credits": "standard"
              }
            ],
            "disable_api_termination": false,
            "ebs_block_device": [],
            "ebs_optimized": false,
            "ephemeral_block_device": [],
            "get_password_data": false,
            "host_id": null,
            "iam_instance_profile": "",
            "id": "i-0b4d51712cfbee9c0",
            "instance_initiated_shutdown_behavior": null,
            "instance_state": "running",
            "instance_type": "t2.medium",
            "ipv6_address_count": 0,
            "ipv6_addresses": [],
            "key_name": "emirates",
            "monitoring": false,
            "network_interface": [],
            "network_interface_id": null,
            "password_data": "",
            "placement_group": "",
            "primary_network_interface_id": "eni-076e3756f354fbd6f",
            "private_dns": "ip-172-31-46-44.eu-central-1.compute.internal",
            "private_ip": "172.31.46.44",
            "public_dns": "ec2-18-184-214-74.eu-central-1.compute.amazonaws.com",
            "public_ip": "18.184.214.74",
            "root_block_device": [
              {
                "delete_on_termination": true,
                "encrypted": false,
                "iops": 100,
                "kms_key_id": "",
                "volume_id": "vol-0dea54b269f3bfd3b",
                "volume_size": 8,
                "volume_type": "gp2"
              }
            ],
            "security_groups": [
              "launch-wizard-1"
            ],
            "source_dest_check": true,
            "subnet_id": "subnet-9f24d9e2",
            "tags": {
              "Name": "Jenkins"
            },
            "tenancy": "default",
            "timeouts": null,
            "user_data": null,
            "user_data_base64": null,
            "volume_tags": {},
            "vpc_security_group_ids": [
              "sg-0b62183b0bec6769b"
            ]
          },
          "private": "eyJlMmJmYjczMC1lY2FhLTExZTYtOGY4OC0zNDM2M2JjN2M0YzAiOnsiY3JlYXRlIjo2MDAwMDAwMDAwMDAsImRlbGV0ZSI6MTIwMDAwMDAwMDAwMCwidXBkYXRlIjo2MDAwMDAwMDAwMDB9LCJzY2hlbWFfdmVyc2lvbiI6IjEifQ=="
        }
      ]
    }
  ]
}
